// !$*UTF8*$!
{
	archiveVersion = 1;
	classes = {
	};
	objectVersion = 56;
	objects = {

/* Begin PBXBuildFile section */
		2C41896D2C91D9C800DE1AAF /* QuizITApp.swift in Sources */ = {isa = PBXBuildFile; fileRef = 2C41896C2C91D9C800DE1AAF /* QuizITApp.swift */; };
		2C41896F2C91D9C800DE1AAF /* ContentView.swift in Sources */ = {isa = PBXBuildFile; fileRef = 2C41896E2C91D9C800DE1AAF /* ContentView.swift */; };
		2C4189712C91D9CA00DE1AAF /* Colors.xcassets in Resources */ = {isa = PBXBuildFile; fileRef = 2C4189702C91D9CA00DE1AAF /* Colors.xcassets */; };
		2C4189742C91D9CA00DE1AAF /* Preview Assets.xcassets in Resources */ = {isa = PBXBuildFile; fileRef = 2C4189732C91D9CA00DE1AAF /* Preview Assets.xcassets */; };
		2C4E47702CAC0A1B00633AA3 /* MainMenu.swift in Sources */ = {isa = PBXBuildFile; fileRef = 2C4E476F2CAC0A1B00633AA3 /* MainMenu.swift */; };
		2C4E47722CAC0AA000633AA3 /* SettingsView.swift in Sources */ = {isa = PBXBuildFile; fileRef = 2C4E47712CAC0AA000633AA3 /* SettingsView.swift */; };
		2C4E47742CAC0BE600633AA3 /* Localizable.strings in Resources */ = {isa = PBXBuildFile; fileRef = 2C4E47732CAC0BE600633AA3 /* Localizable.strings */; };
		2C4E47782CAC0D1700633AA3 /* FriendsView.swift in Sources */ = {isa = PBXBuildFile; fileRef = 2C4E47772CAC0D1700633AA3 /* FriendsView.swift */; };
		2C61E3EC2CAD7AAB00B09BF7 /* QuizView.swift in Sources */ = {isa = PBXBuildFile; fileRef = 2C61E3EB2CAD7AAB00B09BF7 /* QuizView.swift */; };
		2CBC9CAF2CB546430090C7F7 /* Images.xcassets in Resources */ = {isa = PBXBuildFile; fileRef = 2CBC9CAE2CB546430090C7F7 /* Images.xcassets */; };
		2CFA18F82CB2C9FC00FB8228 /* Fonts.xcassets in Resources */ = {isa = PBXBuildFile; fileRef = 2CFA18F72CB2C9FC00FB8228 /* Fonts.xcassets */; };
		2CFA18FC2CB2F06E00FB8228 /* Question.swift in Sources */ = {isa = PBXBuildFile; fileRef = 2CFA18FB2CB2F06E00FB8228 /* Question.swift */; };
		2CFA18FE2CB2F0B300FB8228 /* Subject.swift in Sources */ = {isa = PBXBuildFile; fileRef = 2CFA18FD2CB2F0B300FB8228 /* Subject.swift */; };
		2CFA19022CB2F28A00FB8228 /* Focus.swift in Sources */ = {isa = PBXBuildFile; fileRef = 2CFA19012CB2F28A00FB8228 /* Focus.swift */; };
		2CFA19042CB2F34C00FB8228 /* User.swift in Sources */ = {isa = PBXBuildFile; fileRef = 2CFA19032CB2F34C00FB8228 /* User.swift */; };
		2CFA19082CB2FB7E00FB8228 /* CustomButtonWithProgress.swift in Sources */ = {isa = PBXBuildFile; fileRef = 2CFA19072CB2FB7E00FB8228 /* CustomButtonWithProgress.swift */; };
/* End PBXBuildFile section */

/* Begin PBXFileReference section */
		2C4189692C91D9C800DE1AAF /* QuizIT.app */ = {isa = PBXFileReference; explicitFileType = wrapper.application; includeInIndex = 0; path = QuizIT.app; sourceTree = BUILT_PRODUCTS_DIR; };
		2C41896C2C91D9C800DE1AAF /* QuizITApp.swift */ = {isa = PBXFileReference; lastKnownFileType = sourcecode.swift; path = QuizITApp.swift; sourceTree = "<group>"; };
		2C41896E2C91D9C800DE1AAF /* ContentView.swift */ = {isa = PBXFileReference; lastKnownFileType = sourcecode.swift; path = ContentView.swift; sourceTree = "<group>"; };
		2C4189702C91D9CA00DE1AAF /* Colors.xcassets */ = {isa = PBXFileReference; lastKnownFileType = folder.assetcatalog; path = Colors.xcassets; sourceTree = "<group>"; };
		2C4189732C91D9CA00DE1AAF /* Preview Assets.xcassets */ = {isa = PBXFileReference; lastKnownFileType = folder.assetcatalog; path = "Preview Assets.xcassets"; sourceTree = "<group>"; };
		2C4E476F2CAC0A1B00633AA3 /* MainMenu.swift */ = {isa = PBXFileReference; lastKnownFileType = sourcecode.swift; path = MainMenu.swift; sourceTree = "<group>"; };
		2C4E47712CAC0AA000633AA3 /* SettingsView.swift */ = {isa = PBXFileReference; lastKnownFileType = sourcecode.swift; path = SettingsView.swift; sourceTree = "<group>"; };
		2C4E47732CAC0BE600633AA3 /* Localizable.strings */ = {isa = PBXFileReference; lastKnownFileType = text.plist.strings; path = Localizable.strings; sourceTree = "<group>"; };
		2C4E47772CAC0D1700633AA3 /* FriendsView.swift */ = {isa = PBXFileReference; lastKnownFileType = sourcecode.swift; path = FriendsView.swift; sourceTree = "<group>"; };
		2C61E3EB2CAD7AAB00B09BF7 /* QuizView.swift */ = {isa = PBXFileReference; lastKnownFileType = sourcecode.swift; path = QuizView.swift; sourceTree = "<group>"; };
		2CBC9CAE2CB546430090C7F7 /* Images.xcassets */ = {isa = PBXFileReference; lastKnownFileType = folder.assetcatalog; path = Images.xcassets; sourceTree = "<group>"; };
		2CFA18F72CB2C9FC00FB8228 /* Fonts.xcassets */ = {isa = PBXFileReference; lastKnownFileType = folder.assetcatalog; path = Fonts.xcassets; sourceTree = "<group>"; };
		2CFA18FB2CB2F06E00FB8228 /* Question.swift */ = {isa = PBXFileReference; lastKnownFileType = sourcecode.swift; path = Question.swift; sourceTree = "<group>"; };
		2CFA18FD2CB2F0B300FB8228 /* Subject.swift */ = {isa = PBXFileReference; lastKnownFileType = sourcecode.swift; path = Subject.swift; sourceTree = "<group>"; };
		2CFA19012CB2F28A00FB8228 /* Focus.swift */ = {isa = PBXFileReference; lastKnownFileType = sourcecode.swift; path = Focus.swift; sourceTree = "<group>"; };
		2CFA19032CB2F34C00FB8228 /* User.swift */ = {isa = PBXFileReference; lastKnownFileType = sourcecode.swift; path = User.swift; sourceTree = "<group>"; };
		2CFA19072CB2FB7E00FB8228 /* CustomButtonWithProgress.swift */ = {isa = PBXFileReference; lastKnownFileType = sourcecode.swift; path = CustomButtonWithProgress.swift; sourceTree = "<group>"; };
/* End PBXFileReference section */

/* Begin PBXFrameworksBuildPhase section */
		2C4189662C91D9C800DE1AAF /* Frameworks */ = {
			isa = PBXFrameworksBuildPhase;
			buildActionMask = 2147483647;
			files = (
			);
			runOnlyForDeploymentPostprocessing = 0;
		};
/* End PBXFrameworksBuildPhase section */

/* Begin PBXGroup section */
		2C4189602C91D9C800DE1AAF = {
			isa = PBXGroup;
			children = (
				2C41896B2C91D9C800DE1AAF /* QuizIT */,
				2C41896A2C91D9C800DE1AAF /* Products */,
			);
			sourceTree = "<group>";
		};
		2C41896A2C91D9C800DE1AAF /* Products */ = {
			isa = PBXGroup;
			children = (
				2C4189692C91D9C800DE1AAF /* QuizIT.app */,
			);
			name = Products;
			sourceTree = "<group>";
		};
		2C41896B2C91D9C800DE1AAF /* QuizIT */ = {
			isa = PBXGroup;
			children = (
				2C41896C2C91D9C800DE1AAF /* QuizITApp.swift */,
				2CFA19002CB2F0C500FB8228 /* Views */,
				2CFA18FF2CB2F0BB00FB8228 /* Models */,
				2CFA18F42CB2C9A600FB8228 /* Resources */,
				2C4E47732CAC0BE600633AA3 /* Localizable.strings */,
				2C4189722C91D9CA00DE1AAF /* Preview Content */,
			);
			path = QuizIT;
			sourceTree = "<group>";
		};
		2C4189722C91D9CA00DE1AAF /* Preview Content */ = {
			isa = PBXGroup;
			children = (
				2C4189732C91D9CA00DE1AAF /* Preview Assets.xcassets */,
			);
			path = "Preview Content";
			sourceTree = "<group>";
		};
		2CFA18F42CB2C9A600FB8228 /* Resources */ = {
			isa = PBXGroup;
			children = (
				2C4189702C91D9CA00DE1AAF /* Colors.xcassets */,
				2CFA18F72CB2C9FC00FB8228 /* Fonts.xcassets */,
				2CBC9CAE2CB546430090C7F7 /* Images.xcassets */,
			);
			path = Resources;
			sourceTree = "<group>";
		};
		2CFA18FF2CB2F0BB00FB8228 /* Models */ = {
			isa = PBXGroup;
			children = (
				2CFA18FB2CB2F06E00FB8228 /* Question.swift */,
				2CFA18FD2CB2F0B300FB8228 /* Subject.swift */,
				2CFA19012CB2F28A00FB8228 /* Focus.swift */,
				2CFA19032CB2F34C00FB8228 /* User.swift */,
			);
			path = Models;
			sourceTree = "<group>";
		};
		2CFA19002CB2F0C500FB8228 /* Views */ = {
			isa = PBXGroup;
			children = (
				2C41896E2C91D9C800DE1AAF /* ContentView.swift */,
				2C4E476F2CAC0A1B00633AA3 /* MainMenu.swift */,
				2C4E47772CAC0D1700633AA3 /* FriendsView.swift */,
				2C61E3EB2CAD7AAB00B09BF7 /* QuizView.swift */,
				2C4E47712CAC0AA000633AA3 /* SettingsView.swift */,
				2CFA19072CB2FB7E00FB8228 /* CustomButtonWithProgress.swift */,
			);
			path = Views;
			sourceTree = "<group>";
		};
/* End PBXGroup section */

/* Begin PBXNativeTarget section */
		2C4189682C91D9C800DE1AAF /* QuizIT */ = {
			isa = PBXNativeTarget;
			buildConfigurationList = 2C4189772C91D9CA00DE1AAF /* Build configuration list for PBXNativeTarget "QuizIT" */;
			buildPhases = (
				2C4189652C91D9C800DE1AAF /* Sources */,
				2C4189662C91D9C800DE1AAF /* Frameworks */,
				2C4189672C91D9C800DE1AAF /* Resources */,
			);
			buildRules = (
			);
			dependencies = (
			);
			name = QuizIT;
			productName = QuizIT;
			productReference = 2C4189692C91D9C800DE1AAF /* QuizIT.app */;
			productType = "com.apple.product-type.application";
		};
/* End PBXNativeTarget section */

/* Begin PBXProject section */
		2C4189612C91D9C800DE1AAF /* Project object */ = {
			isa = PBXProject;
			attributes = {
				BuildIndependentTargetsInParallel = 1;
				LastSwiftUpdateCheck = 1500;
				LastUpgradeCheck = 1500;
				TargetAttributes = {
					2C4189682C91D9C800DE1AAF = {
						CreatedOnToolsVersion = 15.0;
					};
				};
			};
			buildConfigurationList = 2C4189642C91D9C800DE1AAF /* Build configuration list for PBXProject "QuizIT" */;
			compatibilityVersion = "Xcode 14.0";
			developmentRegion = en;
			hasScannedForEncodings = 0;
			knownRegions = (
				en,
				Base,
			);
			mainGroup = 2C4189602C91D9C800DE1AAF;
			productRefGroup = 2C41896A2C91D9C800DE1AAF /* Products */;
			projectDirPath = "";
			projectRoot = "";
			targets = (
				2C4189682C91D9C800DE1AAF /* QuizIT */,
			);
		};
/* End PBXProject section */

/* Begin PBXResourcesBuildPhase section */
		2C4189672C91D9C800DE1AAF /* Resources */ = {
			isa = PBXResourcesBuildPhase;
			buildActionMask = 2147483647;
			files = (
				2C4189742C91D9CA00DE1AAF /* Preview Assets.xcassets in Resources */,
				2CBC9CAF2CB546430090C7F7 /* Images.xcassets in Resources */,
				2C4E47742CAC0BE600633AA3 /* Localizable.strings in Resources */,
				2CFA18F82CB2C9FC00FB8228 /* Fonts.xcassets in Resources */,
				2C4189712C91D9CA00DE1AAF /* Colors.xcassets in Resources */,
			);
			runOnlyForDeploymentPostprocessing = 0;
		};
/* End PBXResourcesBuildPhase section */

/* Begin PBXSourcesBuildPhase section */
		2C4189652C91D9C800DE1AAF /* Sources */ = {
			isa = PBXSourcesBuildPhase;
			buildActionMask = 2147483647;
			files = (
				2CFA19022CB2F28A00FB8228 /* Focus.swift in Sources */,
				2CFA18FE2CB2F0B300FB8228 /* Subject.swift in Sources */,
				2C4E47782CAC0D1700633AA3 /* FriendsView.swift in Sources */,
				2CFA19082CB2FB7E00FB8228 /* CustomButtonWithProgress.swift in Sources */,
				2C41896F2C91D9C800DE1AAF /* ContentView.swift in Sources */,
				2C4E47722CAC0AA000633AA3 /* SettingsView.swift in Sources */,
				2C61E3EC2CAD7AAB00B09BF7 /* QuizView.swift in Sources */,
				2C4E47702CAC0A1B00633AA3 /* MainMenu.swift in Sources */,
				2CFA18FC2CB2F06E00FB8228 /* Question.swift in Sources */,
				2CFA19042CB2F34C00FB8228 /* User.swift in Sources */,
				2C41896D2C91D9C800DE1AAF /* QuizITApp.swift in Sources */,
			);
			runOnlyForDeploymentPostprocessing = 0;
		};
/* End PBXSourcesBuildPhase section */

/* Begin XCBuildConfiguration section */
		2C4189752C91D9CA00DE1AAF /* Debug */ = {
			isa = XCBuildConfiguration;
			buildSettings = {
				ALWAYS_SEARCH_USER_PATHS = NO;
				ASSETCATALOG_COMPILER_GENERATE_SWIFT_ASSET_SYMBOL_EXTENSIONS = YES;
				CLANG_ANALYZER_NONNULL = YES;
				CLANG_ANALYZER_NUMBER_OBJECT_CONVERSION = YES_AGGRESSIVE;
				CLANG_CXX_LANGUAGE_STANDARD = "gnu++20";
				CLANG_ENABLE_MODULES = YES;
				CLANG_ENABLE_OBJC_ARC = YES;
				CLANG_ENABLE_OBJC_WEAK = YES;
				CLANG_WARN_BLOCK_CAPTURE_AUTORELEASING = YES;
				CLANG_WARN_BOOL_CONVERSION = YES;
				CLANG_WARN_COMMA = YES;
				CLANG_WARN_CONSTANT_CONVERSION = YES;
				CLANG_WARN_DEPRECATED_OBJC_IMPLEMENTATIONS = YES;
				CLANG_WARN_DIRECT_OBJC_ISA_USAGE = YES_ERROR;
				CLANG_WARN_DOCUMENTATION_COMMENTS = YES;
				CLANG_WARN_EMPTY_BODY = YES;
				CLANG_WARN_ENUM_CONVERSION = YES;
				CLANG_WARN_INFINITE_RECURSION = YES;
				CLANG_WARN_INT_CONVERSION = YES;
				CLANG_WARN_NON_LITERAL_NULL_CONVERSION = YES;
				CLANG_WARN_OBJC_IMPLICIT_RETAIN_SELF = YES;
				CLANG_WARN_OBJC_LITERAL_CONVERSION = YES;
				CLANG_WARN_OBJC_ROOT_CLASS = YES_ERROR;
				CLANG_WARN_QUOTED_INCLUDE_IN_FRAMEWORK_HEADER = YES;
				CLANG_WARN_RANGE_LOOP_ANALYSIS = YES;
				CLANG_WARN_STRICT_PROTOTYPES = YES;
				CLANG_WARN_SUSPICIOUS_MOVE = YES;
				CLANG_WARN_UNGUARDED_AVAILABILITY = YES_AGGRESSIVE;
				CLANG_WARN_UNREACHABLE_CODE = YES;
				CLANG_WARN__DUPLICATE_METHOD_MATCH = YES;
				COPY_PHASE_STRIP = NO;
				DEBUG_INFORMATION_FORMAT = dwarf;
				ENABLE_STRICT_OBJC_MSGSEND = YES;
				ENABLE_TESTABILITY = YES;
				ENABLE_USER_SCRIPT_SANDBOXING = YES;
				GCC_C_LANGUAGE_STANDARD = gnu17;
				GCC_DYNAMIC_NO_PIC = NO;
				GCC_NO_COMMON_BLOCKS = YES;
				GCC_OPTIMIZATION_LEVEL = 0;
				GCC_PREPROCESSOR_DEFINITIONS = (
					"DEBUG=1",
					"$(inherited)",
				);
				GCC_WARN_64_TO_32_BIT_CONVERSION = YES;
				GCC_WARN_ABOUT_RETURN_TYPE = YES_ERROR;
				GCC_WARN_UNDECLARED_SELECTOR = YES;
				GCC_WARN_UNINITIALIZED_AUTOS = YES_AGGRESSIVE;
				GCC_WARN_UNUSED_FUNCTION = YES;
				GCC_WARN_UNUSED_VARIABLE = YES;
				IPHONEOS_DEPLOYMENT_TARGET = 17.0;
				LOCALIZATION_PREFERS_STRING_CATALOGS = YES;
				MTL_ENABLE_DEBUG_INFO = INCLUDE_SOURCE;
				MTL_FAST_MATH = YES;
				ONLY_ACTIVE_ARCH = YES;
				SDKROOT = iphoneos;
				SWIFT_ACTIVE_COMPILATION_CONDITIONS = "DEBUG $(inherited)";
				SWIFT_OPTIMIZATION_LEVEL = "-Onone";
			};
			name = Debug;
		};
		2C4189762C91D9CA00DE1AAF /* Release */ = {
			isa = XCBuildConfiguration;
			buildSettings = {
				ALWAYS_SEARCH_USER_PATHS = NO;
				ASSETCATALOG_COMPILER_GENERATE_SWIFT_ASSET_SYMBOL_EXTENSIONS = YES;
				CLANG_ANALYZER_NONNULL = YES;
				CLANG_ANALYZER_NUMBER_OBJECT_CONVERSION = YES_AGGRESSIVE;
				CLANG_CXX_LANGUAGE_STANDARD = "gnu++20";
				CLANG_ENABLE_MODULES = YES;
				CLANG_ENABLE_OBJC_ARC = YES;
				CLANG_ENABLE_OBJC_WEAK = YES;
				CLANG_WARN_BLOCK_CAPTURE_AUTORELEASING = YES;
				CLANG_WARN_BOOL_CONVERSION = YES;
				CLANG_WARN_COMMA = YES;
				CLANG_WARN_CONSTANT_CONVERSION = YES;
				CLANG_WARN_DEPRECATED_OBJC_IMPLEMENTATIONS = YES;
				CLANG_WARN_DIRECT_OBJC_ISA_USAGE = YES_ERROR;
				CLANG_WARN_DOCUMENTATION_COMMENTS = YES;
				CLANG_WARN_EMPTY_BODY = YES;
				CLANG_WARN_ENUM_CONVERSION = YES;
				CLANG_WARN_INFINITE_RECURSION = YES;
				CLANG_WARN_INT_CONVERSION = YES;
				CLANG_WARN_NON_LITERAL_NULL_CONVERSION = YES;
				CLANG_WARN_OBJC_IMPLICIT_RETAIN_SELF = YES;
				CLANG_WARN_OBJC_LITERAL_CONVERSION = YES;
				CLANG_WARN_OBJC_ROOT_CLASS = YES_ERROR;
				CLANG_WARN_QUOTED_INCLUDE_IN_FRAMEWORK_HEADER = YES;
				CLANG_WARN_RANGE_LOOP_ANALYSIS = YES;
				CLANG_WARN_STRICT_PROTOTYPES = YES;
				CLANG_WARN_SUSPICIOUS_MOVE = YES;
				CLANG_WARN_UNGUARDED_AVAILABILITY = YES_AGGRESSIVE;
				CLANG_WARN_UNREACHABLE_CODE = YES;
				CLANG_WARN__DUPLICATE_METHOD_MATCH = YES;
				COPY_PHASE_STRIP = NO;
				DEBUG_INFORMATION_FORMAT = "dwarf-with-dsym";
				ENABLE_NS_ASSERTIONS = NO;
				ENABLE_STRICT_OBJC_MSGSEND = YES;
				ENABLE_USER_SCRIPT_SANDBOXING = YES;
				GCC_C_LANGUAGE_STANDARD = gnu17;
				GCC_NO_COMMON_BLOCKS = YES;
				GCC_WARN_64_TO_32_BIT_CONVERSION = YES;
				GCC_WARN_ABOUT_RETURN_TYPE = YES_ERROR;
				GCC_WARN_UNDECLARED_SELECTOR = YES;
				GCC_WARN_UNINITIALIZED_AUTOS = YES_AGGRESSIVE;
				GCC_WARN_UNUSED_FUNCTION = YES;
				GCC_WARN_UNUSED_VARIABLE = YES;
				IPHONEOS_DEPLOYMENT_TARGET = 17.0;
				LOCALIZATION_PREFERS_STRING_CATALOGS = YES;
				MTL_ENABLE_DEBUG_INFO = NO;
				MTL_FAST_MATH = YES;
				SDKROOT = iphoneos;
				SWIFT_COMPILATION_MODE = wholemodule;
				VALIDATE_PRODUCT = YES;
			};
			name = Release;
		};
		2C4189782C91D9CA00DE1AAF /* Debug */ = {
			isa = XCBuildConfiguration;
			buildSettings = {
				ASSETCATALOG_COMPILER_APPICON_NAME = AppIcon;
				ASSETCATALOG_COMPILER_GLOBAL_ACCENT_COLOR_NAME = AccentColor;
				CODE_SIGN_STYLE = Automatic;
				CURRENT_PROJECT_VERSION = 1;
				DEVELOPMENT_ASSET_PATHS = "\"QuizIT/Preview Content\"";
				ENABLE_PREVIEWS = YES;
				GENERATE_INFOPLIST_FILE = YES;
				INFOPLIST_KEY_UIApplicationSceneManifest_Generation = YES;
				INFOPLIST_KEY_UIApplicationSupportsIndirectInputEvents = YES;
				INFOPLIST_KEY_UILaunchScreen_Generation = YES;
				INFOPLIST_KEY_UISupportedInterfaceOrientations = UIInterfaceOrientationPortrait;
				INFOPLIST_KEY_UISupportedInterfaceOrientations_iPad = "UIInterfaceOrientationLandscapeLeft UIInterfaceOrientationLandscapeRight UIInterfaceOrientationPortrait UIInterfaceOrientationPortraitUpsideDown";
				LD_RUNPATH_SEARCH_PATHS = (
					"$(inherited)",
					"@executable_path/Frameworks",
				);
				MARKETING_VERSION = 1.0;
				PRODUCT_BUNDLE_IDENTIFIER = com.quizit.QuizIT;
				PRODUCT_NAME = "$(TARGET_NAME)";
				SWIFT_EMIT_LOC_STRINGS = YES;
				SWIFT_VERSION = 5.0;
				TARGETED_DEVICE_FAMILY = "1,2";
			};
			name = Debug;
		};
		2C4189792C91D9CA00DE1AAF /* Release */ = {
			isa = XCBuildConfiguration;
			buildSettings = {
				ASSETCATALOG_COMPILER_APPICON_NAME = AppIcon;
				ASSETCATALOG_COMPILER_GLOBAL_ACCENT_COLOR_NAME = AccentColor;
				CODE_SIGN_STYLE = Automatic;
				CURRENT_PROJECT_VERSION = 1;
				DEVELOPMENT_ASSET_PATHS = "\"QuizIT/Preview Content\"";
				ENABLE_PREVIEWS = YES;
				GENERATE_INFOPLIST_FILE = YES;
				INFOPLIST_KEY_UIApplicationSceneManifest_Generation = YES;
				INFOPLIST_KEY_UIApplicationSupportsIndirectInputEvents = YES;
				INFOPLIST_KEY_UILaunchScreen_Generation = YES;
				INFOPLIST_KEY_UISupportedInterfaceOrientations = UIInterfaceOrientationPortrait;
				INFOPLIST_KEY_UISupportedInterfaceOrientations_iPad = "UIInterfaceOrientationLandscapeLeft UIInterfaceOrientationLandscapeRight UIInterfaceOrientationPortrait UIInterfaceOrientationPortraitUpsideDown";
				LD_RUNPATH_SEARCH_PATHS = (
					"$(inherited)",
					"@executable_path/Frameworks",
				);
				MARKETING_VERSION = 1.0;
				PRODUCT_BUNDLE_IDENTIFIER = com.quizit.QuizIT;
				PRODUCT_NAME = "$(TARGET_NAME)";
				SWIFT_EMIT_LOC_STRINGS = YES;
				SWIFT_VERSION = 5.0;
				TARGETED_DEVICE_FAMILY = "1,2";
			};
			name = Release;
		};
/* End XCBuildConfiguration section */

/* Begin XCConfigurationList section */
		2C4189642C91D9C800DE1AAF /* Build configuration list for PBXProject "QuizIT" */ = {
			isa = XCConfigurationList;
			buildConfigurations = (
				2C4189752C91D9CA00DE1AAF /* Debug */,
				2C4189762C91D9CA00DE1AAF /* Release */,
			);
			defaultConfigurationIsVisible = 0;
			defaultConfigurationName = Release;
		};
		2C4189772C91D9CA00DE1AAF /* Build configuration list for PBXNativeTarget "QuizIT" */ = {
			isa = XCConfigurationList;
			buildConfigurations = (
				2C4189782C91D9CA00DE1AAF /* Debug */,
				2C4189792C91D9CA00DE1AAF /* Release */,
			);
			defaultConfigurationIsVisible = 0;
			defaultConfigurationName = Release;
		};
/* End XCConfigurationList section */
	};
	rootObject = 2C4189612C91D9C800DE1AAF /* Project object */;
}
